
Microsoft Visual Studio Solution File, Format Version 12.00
# Visual Studio Version 16
VisualStudioVersion = 25.0.1706.0
MinimumVisualStudioVersion = 10.0.40219.1
Project("{FAE04EC0-301F-11D3-BF4B-00C04F79EFBC}") = "ExtensionMethods", "ExtensionMethods\ExtensionMethods.csproj", "{C20A2F2C-448D-4CB4-BDC2-479BE9F901E7}"
EndProject
Project("{FAE04EC0-301F-11D3-BF4B-00C04F79EFBC}") = "Delegates", "Delegates\Delegates.csproj", "{513E555B-B99B-4AC3-B53D-F569B948184B}"
EndProject
Project("{FAE04EC0-301F-11D3-BF4B-00C04F79EFBC}") = "DateTimeAndString", "DateTimeAndString\DateTimeAndString.csproj", "{B3D1EDA9-311F-4E57-9BAE-DE6E3D060EBC}"
EndProject
Project("{FAE04EC0-301F-11D3-BF4B-00C04F79EFBC}") = "ExceptionHandling", "ExceptionHandling\ExceptionHandling.csproj", "{CD9775FE-C582-4B47-875F-6D27FE937BF5}"
EndProject
Global
	GlobalSection(SolutionConfigurationPlatforms) = preSolution
		Debug|Any CPU = Debug|Any CPU
		Release|Any CPU = Release|Any CPU
	EndGlobalSection
	GlobalSection(ProjectConfigurationPlatforms) = postSolution
		{C20A2F2C-448D-4CB4-BDC2-479BE9F901E7}.Debug|Any CPU.ActiveCfg = Debug|Any CPU
		{C20A2F2C-448D-4CB4-BDC2-479BE9F901E7}.Debug|Any CPU.Build.0 = Debug|Any CPU
		{C20A2F2C-448D-4CB4-BDC2-479BE9F901E7}.Release|Any CPU.ActiveCfg = Release|Any CPU
		{C20A2F2C-448D-4CB4-BDC2-479BE9F901E7}.Release|Any CPU.Build.0 = Release|Any CPU
		{513E555B-B99B-4AC3-B53D-F569B948184B}.Debug|Any CPU.ActiveCfg = Debug|Any CPU
		{513E555B-B99B-4AC3-B53D-F569B948184B}.Debug|Any CPU.Build.0 = Debug|Any CPU
		{513E555B-B99B-4AC3-B53D-F569B948184B}.Release|Any CPU.ActiveCfg = Release|Any CPU
		{513E555B-B99B-4AC3-B53D-F569B948184B}.Release|Any CPU.Build.0 = Release|Any CPU
		{B3D1EDA9-311F-4E57-9BAE-DE6E3D060EBC}.Debug|Any CPU.ActiveCfg = Debug|Any CPU
		{B3D1EDA9-311F-4E57-9BAE-DE6E3D060EBC}.Debug|Any CPU.Build.0 = Debug|Any CPU
		{B3D1EDA9-311F-4E57-9BAE-DE6E3D060EBC}.Release|Any CPU.ActiveCfg = Release|Any CPU
		{B3D1EDA9-311F-4E57-9BAE-DE6E3D060EBC}.Release|Any CPU.Build.0 = Release|Any CPU
		{CD9775FE-C582-4B47-875F-6D27FE937BF5}.Debug|Any CPU.ActiveCfg = Debug|Any CPU
		{CD9775FE-C582-4B47-875F-6D27FE937BF5}.Debug|Any CPU.Build.0 = Debug|Any CPU
		{CD9775FE-C582-4B47-875F-6D27FE937BF5}.Release|Any CPU.ActiveCfg = Release|Any CPU
		{CD9775FE-C582-4B47-875F-6D27FE937BF5}.Release|Any CPU.Build.0 = Release|Any CPU
	EndGlobalSection
	GlobalSection(SolutionProperties) = preSolution
		HideSolutionNode = FALSE
	EndGlobalSection
	GlobalSection(ExtensibilityGlobals) = postSolution
		SolutionGuid = {45E9950D-C32C-4726-924D-AD246FA9F463}
	EndGlobalSection
EndGlobal
